
Microsoft Visual Studio Solution File, Format Version 12.00
# Visual Studio 15
VisualStudioVersion = 15.0.28307.421
MinimumVisualStudioVersion = 10.0.40219.1
Project("{FAE04EC0-301F-11D3-BF4B-00C04F79EFBC}") = "Информационная система Прокат автомобилей", "Информационная система Прокат автомобилей\Информационная система Прокат автомобилей.csproj", "{4109329D-8003-4238-B14F-44B73CA72C40}"
EndProject
Global
	GlobalSection(SolutionConfigurationPlatforms) = preSolution
		Debug|Any CPU = Debug|Any CPU
		Release|Any CPU = Release|Any CPU
	EndGlobalSection
	GlobalSection(ProjectConfigurationPlatforms) = postSolution
		{4109329D-8003-4238-B14F-44B73CA72C40}.Debug|Any CPU.ActiveCfg = Debug|Any CPU
		{4109329D-8003-4238-B14F-44B73CA72C40}.Debug|Any CPU.Build.0 = Debug|Any CPU
		{4109329D-8003-4238-B14F-44B73CA72C40}.Release|Any CPU.ActiveCfg = Release|Any CPU
		{4109329D-8003-4238-B14F-44B73CA72C40}.Release|Any CPU.Build.0 = Release|Any CPU
	EndGlobalSection
	GlobalSection(SolutionProperties) = preSolution
		HideSolutionNode = FALSE
	EndGlobalSection
	GlobalSection(ExtensibilityGlobals) = postSolution
		SolutionGuid = {B01F35B3-C49C-4CFB-89DF-B52AB6C2E432}
	EndGlobalSection
EndGlobal
